{
  "nodes": {
    "jitindex": {
      "flake": false,
      "locked": {
        "lastModified": 1748789050,
        "narHash": "sha256-CaMadkUphxq4bJBXuESABo5ffN5K+qsHEK59COP72mY=",
        "type": "tarball",
        "url": "https://github.com/stephenmk/stephenmk.github.io/releases/latest/download/jitendex-yomitan.zip"
      },
      "original": {
        "type": "tarball",
        "url": "https://github.com/stephenmk/stephenmk.github.io/releases/latest/download/jitendex-yomitan.zip"
      }
    },
    "nixpkgs": {
      "locked": {
        "lastModified": 1748693115,
        "narHash": "sha256-StSrWhklmDuXT93yc3GrTlb0cKSS0agTAxMGjLKAsY8=",
        "owner": "nixos",
        "repo": "nixpkgs",
        "rev": "910796cabe436259a29a72e8d3f5e180fc6dfacc",
        "type": "github"
      },
      "original": {
        "owner": "nixos",
        "ref": "nixos-unstable",
        "repo": "nixpkgs",
        "type": "github"
      }
    },
    "root": {
      "inputs": {
        "jitindex": "jitindex",
        "nixpkgs": "nixpkgs"
      }
    }
  },
  "root": "root",
  "version": 7
}
