{
  "nodes": {
    "crane": {
      "locked": {
        "lastModified": 1764903584,
        "narHash": "sha256-RSkJtNtx0SEaQiYqsoFoRynwfZLo2OZ9z6rUq1DJR6g=",
        "owner": "ipetkov",
        "repo": "crane",
        "rev": "2b3a5a88d852575758e1eb6ac9ee677fcd633fc1",
        "type": "github"
      },
      "original": {
        "owner": "ipetkov",
        "repo": "crane",
        "type": "github"
      }
    },
    "edict-expression-db": {
      "flake": false,
      "locked": {
        "lastModified": 1759464277,
        "narHash": "sha256-9o7QlV93mN6tHkDpcIncltNmgYzMnUzazwu46Bfbxow=",
        "type": "tarball",
        "url": "https://github.com/odrevet/edict_database/releases/download/v0.0.5/expression.zip"
      },
      "original": {
        "type": "tarball",
        "url": "https://github.com/odrevet/edict_database/releases/download/v0.0.5/expression.zip"
      }
    },
    "edict-kanji-db": {
      "flake": false,
      "locked": {
        "lastModified": 1759464387,
        "narHash": "sha256-UdGDn1EleiCOmn4YT9ZiYbNOg1IVid/DSGaBfszzE9Y=",
        "type": "tarball",
        "url": "https://github.com/odrevet/edict_database/releases/download/v0.0.5/kanji.zip"
      },
      "original": {
        "type": "tarball",
        "url": "https://github.com/odrevet/edict_database/releases/download/v0.0.5/kanji.zip"
      }
    },
    "flake-compat": {
      "flake": false,
      "locked": {
        "lastModified": 1761588595,
        "narHash": "sha256-XKUZz9zewJNUj46b4AJdiRZJAvSZ0Dqj2BNfXvFlJC4=",
        "owner": "edolstra",
        "repo": "flake-compat",
        "rev": "f387cd2afec9419c8ee37694406ca490c3f34ee5",
        "type": "github"
      },
      "original": {
        "owner": "edolstra",
        "repo": "flake-compat",
        "type": "github"
      }
    },
    "flake-parts": {
      "inputs": {
        "nixpkgs-lib": "nixpkgs-lib"
      },
      "locked": {
        "lastModified": 1763759067,
        "narHash": "sha256-LlLt2Jo/gMNYAwOgdRQBrsRoOz7BPRkzvNaI/fzXi2Q=",
        "owner": "hercules-ci",
        "repo": "flake-parts",
        "rev": "2cccadc7357c0ba201788ae99c4dfa90728ef5e0",
        "type": "github"
      },
      "original": {
        "owner": "hercules-ci",
        "repo": "flake-parts",
        "type": "github"
      }
    },
    "git-hooks": {
      "inputs": {
        "flake-compat": "flake-compat",
        "gitignore": "gitignore",
        "nixpkgs": [
          "lux",
          "nixpkgs"
        ]
      },
      "locked": {
        "lastModified": 1765016596,
        "narHash": "sha256-rhSqPNxDVow7OQKi4qS5H8Au0P4S3AYbawBSmJNUtBQ=",
        "owner": "cachix",
        "repo": "git-hooks.nix",
        "rev": "548fc44fca28a5e81c5d6b846e555e6b9c2a5a3c",
        "type": "github"
      },
      "original": {
        "owner": "cachix",
        "repo": "git-hooks.nix",
        "type": "github"
      }
    },
    "gitignore": {
      "inputs": {
        "nixpkgs": [
          "lux",
          "git-hooks",
          "nixpkgs"
        ]
      },
      "locked": {
        "lastModified": 1709087332,
        "narHash": "sha256-HG2cCnktfHsKV0s4XW83gU3F57gaTljL9KNSuG6bnQs=",
        "owner": "hercules-ci",
        "repo": "gitignore.nix",
        "rev": "637db329424fd7e46cf4185293b9cc8c88c95394",
        "type": "github"
      },
      "original": {
        "owner": "hercules-ci",
        "repo": "gitignore.nix",
        "type": "github"
      }
    },
    "lux": {
      "inputs": {
        "crane": "crane",
        "flake-parts": "flake-parts",
        "git-hooks": "git-hooks",
        "nixpkgs": [
          "nixpkgs"
        ]
      },
      "locked": {
        "lastModified": 1766135788,
        "narHash": "sha256-wPeBL1x6P5puM5D08sFiSZMkrTguj4xLC1rqs+1yQr0=",
        "owner": "nvim-neorocks",
        "repo": "lux",
        "rev": "8b479326696d2ae3dff2e0731ab2ba477eb23bb4",
        "type": "github"
      },
      "original": {
        "owner": "nvim-neorocks",
        "repo": "lux",
        "type": "github"
      }
    },
    "nixpkgs": {
      "locked": {
        "lastModified": 1767571255,
        "narHash": "sha256-qL+9rPlytzoYUIsiYzjKaPOgFwYE8Ogj0cHe9H00/V8=",
        "owner": "nixos",
        "repo": "nixpkgs",
        "rev": "454f2ab1e13c160db3192b1da6191a0b7fcf6f24",
        "type": "github"
      },
      "original": {
        "owner": "nixos",
        "ref": "master",
        "repo": "nixpkgs",
        "type": "github"
      }
    },
    "nixpkgs-lib": {
      "locked": {
        "lastModified": 1761765539,
        "narHash": "sha256-b0yj6kfvO8ApcSE+QmA6mUfu8IYG6/uU28OFn4PaC8M=",
        "owner": "nix-community",
        "repo": "nixpkgs.lib",
        "rev": "719359f4562934ae99f5443f20aa06c2ffff91fc",
        "type": "github"
      },
      "original": {
        "owner": "nix-community",
        "repo": "nixpkgs.lib",
        "type": "github"
      }
    },
    "root": {
      "inputs": {
        "edict-expression-db": "edict-expression-db",
        "edict-kanji-db": "edict-kanji-db",
        "lux": "lux",
        "nixpkgs": "nixpkgs"
      }
    }
  },
  "root": "root",
  "version": 7
}
