{
  "version": "1.0.0",
  "dependencies": {
    "rocks": {
      "392c069ca7154cb446b52b0f9c6be33de04e6a6f0a7c9ff762b30c5b9db1bdc7": {
        "name": "mega.logging",
        "version": "1.1.6-1",
        "pinned": false,
        "opt": false,
        "dependencies": [],
        "constraint": ">=1.1.1, <2.0",
        "binaries": [],
        "source": "luarocks_rockspec+https://luarocks.org/",
        "source_url": {
          "type": "url",
          "url": "https://github.com/ColinKennedy/mega.logging/archive/v1.1.6.zip"
        },
        "hashes": {
          "rockspec": "sha256-b/UNBHzASov3C1Tp3B43NfCtejHOBc3FjYNZHAndRu0=",
          "source": "sha256-xz8Btm9bYc+VR5jcgdzVSmnhFaVzi7pj6NkoBXd0FFQ="
        }
      },
      "45ae6ddbb8453b514dc9b68c3c382d794db39dc9629b81792aeb37e6523a0cf1": {
        "name": "utf8",
        "version": "1.3-0",
        "pinned": false,
        "opt": false,
        "dependencies": [],
        "constraint": "==1.3",
        "binaries": [],
        "source": "luarocks_rockspec+https://luarocks.org/",
        "source_url": {
          "type": "git",
          "url": "https://github.com/dannote/luautf8",
          "ref": "f36cc914ae9015cd3045987abadd83bbcfae98f0"
        },
        "hashes": {
          "rockspec": "sha256-V4otUR+uDIHTIBgfdgmdgMG4Y3knZ+w5ztv7EhbP+us=",
          "source": "sha256-xLWqglAzqcxY+R8GOC+D3uzL2+9ZriEx8Kj41LkI5vU="
        }
      },
      "8f42cedd6a671cc9eb3f7dcc6a35c1c858c3b4ff4d82dc3735c0a35b74246200": {
        "name": "mega.cmdparse",
        "version": "1.0.4-1",
        "pinned": false,
        "opt": false,
        "dependencies": [
          "392c069ca7154cb446b52b0f9c6be33de04e6a6f0a7c9ff762b30c5b9db1bdc7"
        ],
        "constraint": "==1.0.4",
        "binaries": [],
        "source": "luarocks_rockspec+https://luarocks.org/",
        "source_url": {
          "type": "url",
          "url": "https://github.com/ColinKennedy/mega.cmdparse/archive/v1.0.4.zip"
        },
        "hashes": {
          "rockspec": "sha256-OyAiH9Fy5wCnkHXHqOUqzkgQOczpS9gItsZfJ9BgZdw=",
          "source": "sha256-pUC4NN6n5Ia9oKEQQAxOvGjATtghdvffkpufoXWxdIc="
        }
      },
      "a676997275cbc3f95f0589058fa302ea51fdb62cb62df1fa1603e2aac75eb459": {
        "name": "alogger",
        "version": "0.6.0-1",
        "pinned": false,
        "opt": false,
        "dependencies": [],
        "constraint": "==0.6.0",
        "binaries": [],
        "source": "luarocks_rockspec+https://luarocks.org/",
        "source_url": {
          "type": "git",
          "url": "https://gitlab.com/lua_rocks/alogger.git",
          "ref": "v0.6.0"
        },
        "hashes": {
          "rockspec": "sha256-hws/LFcEmvHBWW5zot2UantoYl6naTh2XjvIfkXPHAo=",
          "source": "sha256-/OVwQvm+ViK0rpIbQOzKWYAeLSLBHEPLqlz+r+LmCbA="
        }
      },
      "ad1b7a3c89b82f3731b70717ae5fa24b24761a5c75fc6427aa263252c648d031": {
        "name": "sqlite",
        "version": "v1.0.0-1",
        "pinned": false,
        "opt": false,
        "dependencies": [
          "b4a8e05e537a667ee5b77dc16294863d97563995e55d64dc7bbee5f0efb441b3"
        ],
        "constraint": "==v1.0.0",
        "binaries": [],
        "source": "luarocks_rockspec+https://luarocks.org/",
        "source_url": {
          "type": "git",
          "url": "https://github.com/tami5/sqlite.lua.git",
          "ref": "v1.0.0"
        },
        "hashes": {
          "rockspec": "sha256-FTTkRk+VRaSBcBdt10so1UHEJFGT4eesfi7wedFRoA4=",
          "source": "sha256-hOayNuBtMEZjE0I4PdfLihxUUk007X/s5gM+/bWd0w8="
        }
      },
      "b4a8e05e537a667ee5b77dc16294863d97563995e55d64dc7bbee5f0efb441b3": {
        "name": "luv",
        "version": "1.51.0-1",
        "pinned": false,
        "opt": false,
        "dependencies": [],
        "constraint": null,
        "binaries": [],
        "source": "luarocks_rockspec+https://luarocks.org/",
        "source_url": {
          "type": "url",
          "url": "https://github.com/luvit/luv/releases/download/1.51.0-1/luv-1.51.0-1.tar.gz"
        },
        "hashes": {
          "rockspec": "sha256-cyX/9s6mBKPK6S1IjiWoikAXwECvlmJFLC3P5lwTAL4=",
          "source": "sha256-3HBtkUHBhb3OCLb8ip1N8Fw6w2doCe5OnjfhVT2CEjc="
        }
      }
    },
    "entrypoints": [
      "45ae6ddbb8453b514dc9b68c3c382d794db39dc9629b81792aeb37e6523a0cf1",
      "8f42cedd6a671cc9eb3f7dcc6a35c1c858c3b4ff4d82dc3735c0a35b74246200",
      "a676997275cbc3f95f0589058fa302ea51fdb62cb62df1fa1603e2aac75eb459",
      "ad1b7a3c89b82f3731b70717ae5fa24b24761a5c75fc6427aa263252c648d031"
    ]
  }
}